// !$*UTF8*$!
{
	archiveVersion = 1;
	classes = {
	};
	objectVersion = 46;
	objects = {

/* Begin PBXBuildFile section */
		03F5F83F1D0DC5DD00BFDD4E /* ai.c in Sources */ = {isa = PBXBuildFile; fileRef = 03F5F7F21D0DC5DD00BFDD4E /* ai.c */; };
		03F5F8401D0DC5DD00BFDD4E /* aipath.c in Sources */ = {isa = PBXBuildFile; fileRef = 03F5F7F31D0DC5DD00BFDD4E /* aipath.c */; };
		03F5F8411D0DC5DD00BFDD4E /* args.c in Sources */ = {isa = PBXBuildFile; fileRef = 03F5F7F41D0DC5DD00BFDD4E /* args.c */; };
		03F5F8421D0DC5DD00BFDD4E /* automap.c in Sources */ = {isa = PBXBuildFile; fileRef = 03F5F7F51D0DC5DD00BFDD4E /* automap.c */; };
		03F5F8431D0DC5DD00BFDD4E /* bm.c in Sources */ = {isa = PBXBuildFile; fileRef = 03F5F7F61D0DC5DD00BFDD4E /* bm.c */; };
		03F5F8441D0DC5DD00BFDD4E /* bmread.c in Sources */ = {isa = PBXBuildFile; fileRef = 03F5F7F71D0DC5DD00BFDD4E /* bmread.c */; };
		03F5F8451D0DC5DD00BFDD4E /* cntrlcen.c in Sources */ = {isa = PBXBuildFile; fileRef = 03F5F7F81D0DC5DD00BFDD4E /* cntrlcen.c */; };
		03F5F8461D0DC5DD00BFDD4E /* collide.c in Sources */ = {isa = PBXBuildFile; fileRef = 03F5F7F91D0DC5DD00BFDD4E /* collide.c */; };
		03F5F8471D0DC5DD00BFDD4E /* config.c in Sources */ = {isa = PBXBuildFile; fileRef = 03F5F7FA1D0DC5DD00BFDD4E /* config.c */; };
		03F5F8481D0DC5DD00BFDD4E /* controls.c in Sources */ = {isa = PBXBuildFile; fileRef = 03F5F7FB1D0DC5DD00BFDD4E /* controls.c */; };
		03F5F8491D0DC5DD00BFDD4E /* credits.c in Sources */ = {isa = PBXBuildFile; fileRef = 03F5F7FC1D0DC5DD00BFDD4E /* credits.c */; };
		03F5F84A1D0DC5DD00BFDD4E /* dumpmine.c in Sources */ = {isa = PBXBuildFile; fileRef = 03F5F7FD1D0DC5DD00BFDD4E /* dumpmine.c */; };
		03F5F84B1D0DC5DD00BFDD4E /* effects.c in Sources */ = {isa = PBXBuildFile; fileRef = 03F5F7FE1D0DC5DD00BFDD4E /* effects.c */; };
		03F5F84C1D0DC5DD00BFDD4E /* endlevel.c in Sources */ = {isa = PBXBuildFile; fileRef = 03F5F7FF1D0DC5DD00BFDD4E /* endlevel.c */; };
		03F5F84D1D0DC5DD00BFDD4E /* escort.c in Sources */ = {isa = PBXBuildFile; fileRef = 03F5F8001D0DC5DD00BFDD4E /* escort.c */; };
		03F5F84E1D0DC5DD00BFDD4E /* fireball.c in Sources */ = {isa = PBXBuildFile; fileRef = 03F5F8011D0DC5DD00BFDD4E /* fireball.c */; };
		03F5F84F1D0DC5DD00BFDD4E /* fuelcen.c in Sources */ = {isa = PBXBuildFile; fileRef = 03F5F8021D0DC5DD00BFDD4E /* fuelcen.c */; };
		03F5F8501D0DC5DD00BFDD4E /* fvi.c in Sources */ = {isa = PBXBuildFile; fileRef = 03F5F8031D0DC5DD00BFDD4E /* fvi.c */; };
		03F5F8511D0DC5DD00BFDD4E /* game.c in Sources */ = {isa = PBXBuildFile; fileRef = 03F5F8041D0DC5DD00BFDD4E /* game.c */; };
		03F5F8521D0DC5DD00BFDD4E /* gamefont.c in Sources */ = {isa = PBXBuildFile; fileRef = 03F5F8051D0DC5DD00BFDD4E /* gamefont.c */; };
		03F5F8531D0DC5DD00BFDD4E /* gamemine.c in Sources */ = {isa = PBXBuildFile; fileRef = 03F5F8061D0DC5DD00BFDD4E /* gamemine.c */; };
		03F5F8541D0DC5DD00BFDD4E /* gamesave.c in Sources */ = {isa = PBXBuildFile; fileRef = 03F5F8071D0DC5DD00BFDD4E /* gamesave.c */; };
		03F5F8551D0DC5DD00BFDD4E /* gameseg.c in Sources */ = {isa = PBXBuildFile; fileRef = 03F5F8081D0DC5DD00BFDD4E /* gameseg.c */; };
		03F5F8561D0DC5DD00BFDD4E /* gameseq.c in Sources */ = {isa = PBXBuildFile; fileRef = 03F5F8091D0DC5DD00BFDD4E /* gameseq.c */; };
		03F5F8571D0DC5DD00BFDD4E /* gauges.c in Sources */ = {isa = PBXBuildFile; fileRef = 03F5F80A1D0DC5DD00BFDD4E /* gauges.c */; };
		03F5F8581D0DC5DD00BFDD4E /* hash.c in Sources */ = {isa = PBXBuildFile; fileRef = 03F5F80B1D0DC5DD00BFDD4E /* hash.c */; };
		03F5F8591D0DC5DD00BFDD4E /* hmp.c in Sources */ = {isa = PBXBuildFile; fileRef = 03F5F80C1D0DC5DD00BFDD4E /* hmp.c */; };
		03F5F85A1D0DC5DD00BFDD4E /* hostage.c in Sources */ = {isa = PBXBuildFile; fileRef = 03F5F80D1D0DC5DD00BFDD4E /* hostage.c */; };
		03F5F85B1D0DC5DD00BFDD4E /* hud.c in Sources */ = {isa = PBXBuildFile; fileRef = 03F5F80E1D0DC5DD00BFDD4E /* hud.c */; };
		03F5F85C1D0DC5DD00BFDD4E /* iglasses.c in Sources */ = {isa = PBXBuildFile; fileRef = 03F5F80F1D0DC5DD00BFDD4E /* iglasses.c */; };
		03F5F85D1D0DC5DD00BFDD4E /* inferno.c in Sources */ = {isa = PBXBuildFile; fileRef = 03F5F8101D0DC5DD00BFDD4E /* inferno.c */; };
		03F5F85E1D0DC5DD00BFDD4E /* digi.c in Sources */ = {isa = PBXBuildFile; fileRef = 03F5F8121D0DC5DD00BFDD4E /* digi.c */; };
		03F5F85F1D0DC5DD00BFDD4E /* hmp.c in Sources */ = {isa = PBXBuildFile; fileRef = 03F5F8131D0DC5DD00BFDD4E /* hmp.c */; };
		03F5F8601D0DC5DD00BFDD4E /* joycal.c in Sources */ = {isa = PBXBuildFile; fileRef = 03F5F8141D0DC5DD00BFDD4E /* joycal.c */; };
		03F5F8611D0DC5DD00BFDD4E /* joydefs.c in Sources */ = {isa = PBXBuildFile; fileRef = 03F5F8151D0DC5DD00BFDD4E /* joydefs.c */; };
		03F5F8621D0DC5DD00BFDD4E /* kconfig.c in Sources */ = {isa = PBXBuildFile; fileRef = 03F5F8161D0DC5DD00BFDD4E /* kconfig.c */; };
		03F5F8631D0DC5DD00BFDD4E /* kmatrix.c in Sources */ = {isa = PBXBuildFile; fileRef = 03F5F8171D0DC5DD00BFDD4E /* kmatrix.c */; };
		03F5F8641D0DC5DD00BFDD4E /* laser.c in Sources */ = {isa = PBXBuildFile; fileRef = 03F5F8181D0DC5DD00BFDD4E /* laser.c */; };
		03F5F8651D0DC5DD00BFDD4E /* lightning.c in Sources */ = {isa = PBXBuildFile; fileRef = 03F5F8191D0DC5DD00BFDD4E /* lightning.c */; };
		03F5F8661D0DC5DD00BFDD4E /* mcockpit.c in Sources */ = {isa = PBXBuildFile; fileRef = 03F5F81A1D0DC5DD00BFDD4E /* mcockpit.c */; };
		03F5F8671D0DC5DD00BFDD4E /* menu.c in Sources */ = {isa = PBXBuildFile; fileRef = 03F5F81B1D0DC5DD00BFDD4E /* menu.c */; };
		03F5F8681D0DC5DD00BFDD4E /* mglobal.c in Sources */ = {isa = PBXBuildFile; fileRef = 03F5F81C1D0DC5DD00BFDD4E /* mglobal.c */; };
		03F5F8691D0DC5DD00BFDD4E /* mission.c in Sources */ = {isa = PBXBuildFile; fileRef = 03F5F81D1D0DC5DD00BFDD4E /* mission.c */; };
		03F5F86A1D0DC5DD00BFDD4E /* modem.c in Sources */ = {isa = PBXBuildFile; fileRef = 03F5F81E1D0DC5DD00BFDD4E /* modem.c */; };
		03F5F86B1D0DC5DD00BFDD4E /* morph.c in Sources */ = {isa = PBXBuildFile; fileRef = 03F5F81F1D0DC5DD00BFDD4E /* morph.c */; };
		03F5F86C1D0DC5DD00BFDD4E /* multi.c in Sources */ = {isa = PBXBuildFile; fileRef = 03F5F8201D0DC5DD00BFDD4E /* multi.c */; };
		03F5F86D1D0DC5DD00BFDD4E /* multibot.c in Sources */ = {isa = PBXBuildFile; fileRef = 03F5F8211D0DC5DD00BFDD4E /* multibot.c */; };
		03F5F86E1D0DC5DD00BFDD4E /* netmisc.c in Sources */ = {isa = PBXBuildFile; fileRef = 03F5F8221D0DC5DD00BFDD4E /* netmisc.c */; };
		03F5F86F1D0DC5DD00BFDD4E /* network.c in Sources */ = {isa = PBXBuildFile; fileRef = 03F5F8231D0DC5DD00BFDD4E /* network.c */; };
		03F5F8701D0DC5DD00BFDD4E /* newdemo.c in Sources */ = {isa = PBXBuildFile; fileRef = 03F5F8241D0DC5DD00BFDD4E /* newdemo.c */; };
		03F5F8711D0DC5DD00BFDD4E /* newmenu.c in Sources */ = {isa = PBXBuildFile; fileRef = 03F5F8251D0DC5DD00BFDD4E /* newmenu.c */; };
		03F5F8721D0DC5DD00BFDD4E /* object.c in Sources */ = {isa = PBXBuildFile; fileRef = 03F5F8261D0DC5DD00BFDD4E /* object.c */; };
		03F5F8731D0DC5DD00BFDD4E /* paging.c in Sources */ = {isa = PBXBuildFile; fileRef = 03F5F8271D0DC5DD00BFDD4E /* paging.c */; };
		03F5F8741D0DC5DD00BFDD4E /* physics.c in Sources */ = {isa = PBXBuildFile; fileRef = 03F5F8281D0DC5DD00BFDD4E /* physics.c */; };
		03F5F8751D0DC5DD00BFDD4E /* piggy.c in Sources */ = {isa = PBXBuildFile; fileRef = 03F5F8291D0DC5DD00BFDD4E /* piggy.c */; };
		03F5F8761D0DC5DD00BFDD4E /* playsave.c in Sources */ = {isa = PBXBuildFile; fileRef = 03F5F82A1D0DC5DD00BFDD4E /* playsave.c */; };
		03F5F8771D0DC5DD00BFDD4E /* polyobj.c in Sources */ = {isa = PBXBuildFile; fileRef = 03F5F82B1D0DC5DD00BFDD4E /* polyobj.c */; };
		03F5F8781D0DC5DD00BFDD4E /* powerup.c in Sources */ = {isa = PBXBuildFile; fileRef = 03F5F82C1D0DC5DD00BFDD4E /* powerup.c */; };
		03F5F8791D0DC5DD00BFDD4E /* render.c in Sources */ = {isa = PBXBuildFile; fileRef = 03F5F82D1D0DC5DD00BFDD4E /* render.c */; };
		03F5F87A1D0DC5DD00BFDD4E /* robot.c in Sources */ = {isa = PBXBuildFile; fileRef = 03F5F82E1D0DC5DD00BFDD4E /* robot.c */; };
		03F5F87B1D0DC5DD00BFDD4E /* scores.c in Sources */ = {isa = PBXBuildFile; fileRef = 03F5F82F1D0DC5DD00BFDD4E /* scores.c */; };
		03F5F87C1D0DC5DD00BFDD4E /* serial.c in Sources */ = {isa = PBXBuildFile; fileRef = 03F5F8301D0DC5DD00BFDD4E /* serial.c */; };
		03F5F87D1D0DC5DD00BFDD4E /* slew.c in Sources */ = {isa = PBXBuildFile; fileRef = 03F5F8311D0DC5DD00BFDD4E /* slew.c */; };
		03F5F87E1D0DC5DD00BFDD4E /* songs.c in Sources */ = {isa = PBXBuildFile; fileRef = 03F5F8321D0DC5DD00BFDD4E /* songs.c */; };
		03F5F87F1D0DC5DD00BFDD4E /* state.c in Sources */ = {isa = PBXBuildFile; fileRef = 03F5F8331D0DC5DD00BFDD4E /* state.c */; };
		03F5F8801D0DC5DD00BFDD4E /* switch.c in Sources */ = {isa = PBXBuildFile; fileRef = 03F5F8341D0DC5DD00BFDD4E /* switch.c */; };
		03F5F8811D0DC5DD00BFDD4E /* terrain.c in Sources */ = {isa = PBXBuildFile; fileRef = 03F5F8351D0DC5DD00BFDD4E /* terrain.c */; };
		03F5F8821D0DC5DD00BFDD4E /* testgaug.c in Sources */ = {isa = PBXBuildFile; fileRef = 03F5F8361D0DC5DD00BFDD4E /* testgaug.c */; };
		03F5F8831D0DC5DD00BFDD4E /* texmerge.c in Sources */ = {isa = PBXBuildFile; fileRef = 03F5F8371D0DC5DD00BFDD4E /* texmerge.c */; };
		03F5F8841D0DC5DD00BFDD4E /* text.c in Sources */ = {isa = PBXBuildFile; fileRef = 03F5F8381D0DC5DD00BFDD4E /* text.c */; };
		03F5F8851D0DC5DD00BFDD4E /* titles.c in Sources */ = {isa = PBXBuildFile; fileRef = 03F5F8391D0DC5DD00BFDD4E /* titles.c */; };
		03F5F8861D0DC5DD00BFDD4E /* vclip.c in Sources */ = {isa = PBXBuildFile; fileRef = 03F5F83A1D0DC5DD00BFDD4E /* vclip.c */; };
		03F5F8871D0DC5DD00BFDD4E /* vfx.c in Sources */ = {isa = PBXBuildFile; fileRef = 03F5F83B1D0DC5DD00BFDD4E /* vfx.c */; };
		03F5F8881D0DC5DD00BFDD4E /* victor.c in Sources */ = {isa = PBXBuildFile; fileRef = 03F5F83C1D0DC5DD00BFDD4E /* victor.c */; };
		03F5F8891D0DC5DD00BFDD4E /* wall.c in Sources */ = {isa = PBXBuildFile; fileRef = 03F5F83D1D0DC5DD00BFDD4E /* wall.c */; };
		03F5F88A1D0DC5DD00BFDD4E /* weapon.c in Sources */ = {isa = PBXBuildFile; fileRef = 03F5F83E1D0DC5DD00BFDD4E /* weapon.c */; };
/* End PBXBuildFile section */

/* Begin PBXCopyFilesBuildPhase section */
		031232F81BD4DAFB00BEBA87 /* CopyFiles */ = {
			isa = PBXCopyFilesBuildPhase;
			buildActionMask = 2147483647;
			dstPath = "include/$(PRODUCT_NAME)";
			dstSubfolderSpec = 16;
			files = (
			);
			runOnlyForDeploymentPostprocessing = 0;
		};
/* End PBXCopyFilesBuildPhase section */

/* Begin PBXFileReference section */
		031232FA1BD4DAFB00BEBA87 /* libmain.a */ = {isa = PBXFileReference; explicitFileType = archive.ar; includeInIndex = 0; path = libmain.a; sourceTree = BUILT_PRODUCTS_DIR; };
		03F5F7F21D0DC5DD00BFDD4E /* ai.c */ = {isa = PBXFileReference; fileEncoding = 4; lastKnownFileType = sourcecode.c.c; name = ai.c; path = ../main/ai.c; sourceTree = "<group>"; };
		03F5F7F31D0DC5DD00BFDD4E /* aipath.c */ = {isa = PBXFileReference; fileEncoding = 4; lastKnownFileType = sourcecode.c.c; name = aipath.c; path = ../main/aipath.c; sourceTree = "<group>"; };
		03F5F7F41D0DC5DD00BFDD4E /* args.c */ = {isa = PBXFileReference; fileEncoding = 4; lastKnownFileType = sourcecode.c.c; name = args.c; path = ../main/args.c; sourceTree = "<group>"; };
		03F5F7F51D0DC5DD00BFDD4E /* automap.c */ = {isa = PBXFileReference; fileEncoding = 4; lastKnownFileType = sourcecode.c.c; name = automap.c; path = ../main/automap.c; sourceTree = "<group>"; };
		03F5F7F61D0DC5DD00BFDD4E /* bm.c */ = {isa = PBXFileReference; fileEncoding = 4; lastKnownFileType = sourcecode.c.c; name = bm.c; path = ../main/bm.c; sourceTree = "<group>"; };
		03F5F7F71D0DC5DD00BFDD4E /* bmread.c */ = {isa = PBXFileReference; fileEncoding = 4; lastKnownFileType = sourcecode.c.c; name = bmread.c; path = ../main/bmread.c; sourceTree = "<group>"; };
		03F5F7F81D0DC5DD00BFDD4E /* cntrlcen.c */ = {isa = PBXFileReference; fileEncoding = 4; lastKnownFileType = sourcecode.c.c; name = cntrlcen.c; path = ../main/cntrlcen.c; sourceTree = "<group>"; };
		03F5F7F91D0DC5DD00BFDD4E /* collide.c */ = {isa = PBXFileReference; fileEncoding = 4; lastKnownFileType = sourcecode.c.c; name = collide.c; path = ../main/collide.c; sourceTree = "<group>"; };
		03F5F7FA1D0DC5DD00BFDD4E /* config.c */ = {isa = PBXFileReference; fileEncoding = 4; lastKnownFileType = sourcecode.c.c; name = config.c; path = ../main/config.c; sourceTree = "<group>"; };
		03F5F7FB1D0DC5DD00BFDD4E /* controls.c */ = {isa = PBXFileReference; fileEncoding = 4; lastKnownFileType = sourcecode.c.c; name = controls.c; path = ../main/controls.c; sourceTree = "<group>"; };
		03F5F7FC1D0DC5DD00BFDD4E /* credits.c */ = {isa = PBXFileReference; fileEncoding = 4; lastKnownFileType = sourcecode.c.c; name = credits.c; path = ../main/credits.c; sourceTree = "<group>"; };
		03F5F7FD1D0DC5DD00BFDD4E /* dumpmine.c */ = {isa = PBXFileReference; fileEncoding = 4; lastKnownFileType = sourcecode.c.c; name = dumpmine.c; path = ../main/dumpmine.c; sourceTree = "<group>"; };
		03F5F7FE1D0DC5DD00BFDD4E /* effects.c */ = {isa = PBXFileReference; fileEncoding = 4; lastKnownFileType = sourcecode.c.c; name = effects.c; path = ../main/effects.c; sourceTree = "<group>"; };
		03F5F7FF1D0DC5DD00BFDD4E /* endlevel.c */ = {isa = PBXFileReference; fileEncoding = 4; lastKnownFileType = sourcecode.c.c; name = endlevel.c; path = ../main/endlevel.c; sourceTree = "<group>"; };
		03F5F8001D0DC5DD00BFDD4E /* escort.c */ = {isa = PBXFileReference; fileEncoding = 4; lastKnownFileType = sourcecode.c.c; name = escort.c; path = ../main/escort.c; sourceTree = "<group>"; };
		03F5F8011D0DC5DD00BFDD4E /* fireball.c */ = {isa = PBXFileReference; fileEncoding = 4; lastKnownFileType = sourcecode.c.c; name = fireball.c; path = ../main/fireball.c; sourceTree = "<group>"; };
		03F5F8021D0DC5DD00BFDD4E /* fuelcen.c */ = {isa = PBXFileReference; fileEncoding = 4; lastKnownFileType = sourcecode.c.c; name = fuelcen.c; path = ../main/fuelcen.c; sourceTree = "<group>"; };
		03F5F8031D0DC5DD00BFDD4E /* fvi.c */ = {isa = PBXFileReference; fileEncoding = 4; lastKnownFileType = sourcecode.c.c; name = fvi.c; path = ../main/fvi.c; sourceTree = "<group>"; };
		03F5F8041D0DC5DD00BFDD4E /* game.c */ = {isa = PBXFileReference; fileEncoding = 4; lastKnownFileType = sourcecode.c.c; name = game.c; path = ../main/game.c; sourceTree = "<group>"; };
		03F5F8051D0DC5DD00BFDD4E /* gamefont.c */ = {isa = PBXFileReference; fileEncoding = 4; lastKnownFileType = sourcecode.c.c; name = gamefont.c; path = ../main/gamefont.c; sourceTree = "<group>"; };
		03F5F8061D0DC5DD00BFDD4E /* gamemine.c */ = {isa = PBXFileReference; fileEncoding = 4; lastKnownFileType = sourcecode.c.c; name = gamemine.c; path = ../main/gamemine.c; sourceTree = "<group>"; };
		03F5F8071D0DC5DD00BFDD4E /* gamesave.c */ = {isa = PBXFileReference; fileEncoding = 4; lastKnownFileType = sourcecode.c.c; name = gamesave.c; path = ../main/gamesave.c; sourceTree = "<group>"; };
		03F5F8081D0DC5DD00BFDD4E /* gameseg.c */ = {isa = PBXFileReference; fileEncoding = 4; lastKnownFileType = sourcecode.c.c; name = gameseg.c; path = ../main/gameseg.c; sourceTree = "<group>"; };
		03F5F8091D0DC5DD00BFDD4E /* gameseq.c */ = {isa = PBXFileReference; fileEncoding = 4; lastKnownFileType = sourcecode.c.c; name = gameseq.c; path = ../main/gameseq.c; sourceTree = "<group>"; };
		03F5F80A1D0DC5DD00BFDD4E /* gauges.c */ = {isa = PBXFileReference; fileEncoding = 4; lastKnownFileType = sourcecode.c.c; name = gauges.c; path = ../main/gauges.c; sourceTree = "<group>"; };
		03F5F80B1D0DC5DD00BFDD4E /* hash.c */ = {isa = PBXFileReference; fileEncoding = 4; lastKnownFileType = sourcecode.c.c; name = hash.c; path = ../main/hash.c; sourceTree = "<group>"; };
		03F5F80C1D0DC5DD00BFDD4E /* hmp.c */ = {isa = PBXFileReference; fileEncoding = 4; lastKnownFileType = sourcecode.c.c; name = hmp.c; path = ../main/hmp.c; sourceTree = "<group>"; };
		03F5F80D1D0DC5DD00BFDD4E /* hostage.c */ = {isa = PBXFileReference; fileEncoding = 4; lastKnownFileType = sourcecode.c.c; name = hostage.c; path = ../main/hostage.c; sourceTree = "<group>"; };
		03F5F80E1D0DC5DD00BFDD4E /* hud.c */ = {isa = PBXFileReference; fileEncoding = 4; lastKnownFileType = sourcecode.c.c; name = hud.c; path = ../main/hud.c; sourceTree = "<group>"; };
		03F5F80F1D0DC5DD00BFDD4E /* iglasses.c */ = {isa = PBXFileReference; fileEncoding = 4; lastKnownFileType = sourcecode.c.c; name = iglasses.c; path = ../main/iglasses.c; sourceTree = "<group>"; };
		03F5F8101D0DC5DD00BFDD4E /* inferno.c */ = {isa = PBXFileReference; fileEncoding = 4; lastKnownFileType = sourcecode.c.c; name = inferno.c; path = ../main/inferno.c; sourceTree = "<group>"; };
		03F5F8121D0DC5DD00BFDD4E /* digi.c */ = {isa = PBXFileReference; fileEncoding = 4; lastKnownFileType = sourcecode.c.c; path = digi.c; sourceTree = "<group>"; };
		03F5F8131D0DC5DD00BFDD4E /* hmp.c */ = {isa = PBXFileReference; fileEncoding = 4; lastKnownFileType = sourcecode.c.c; path = hmp.c; sourceTree = "<group>"; };
		03F5F8141D0DC5DD00BFDD4E /* joycal.c */ = {isa = PBXFileReference; fileEncoding = 4; lastKnownFileType = sourcecode.c.c; name = joycal.c; path = ../main/joycal.c; sourceTree = "<group>"; };
		03F5F8151D0DC5DD00BFDD4E /* joydefs.c */ = {isa = PBXFileReference; fileEncoding = 4; lastKnownFileType = sourcecode.c.c; name = joydefs.c; path = ../main/joydefs.c; sourceTree = "<group>"; };
		03F5F8161D0DC5DD00BFDD4E /* kconfig.c */ = {isa = PBXFileReference; fileEncoding = 4; lastKnownFileType = sourcecode.c.c; name = kconfig.c; path = ../main/kconfig.c; sourceTree = "<group>"; };
		03F5F8171D0DC5DD00BFDD4E /* kmatrix.c */ = {isa = PBXFileReference; fileEncoding = 4; lastKnownFileType = sourcecode.c.c; name = kmatrix.c; path = ../main/kmatrix.c; sourceTree = "<group>"; };
		03F5F8181D0DC5DD00BFDD4E /* laser.c */ = {isa = PBXFileReference; fileEncoding = 4; lastKnownFileType = sourcecode.c.c; name = laser.c; path = ../main/laser.c; sourceTree = "<group>"; };
		03F5F8191D0DC5DD00BFDD4E /* lightning.c */ = {isa = PBXFileReference; fileEncoding = 4; lastKnownFileType = sourcecode.c.c; name = lightning.c; path = ../main/lightning.c; sourceTree = "<group>"; };
		03F5F81A1D0DC5DD00BFDD4E /* mcockpit.c */ = {isa = PBXFileReference; fileEncoding = 4; lastKnownFileType = sourcecode.c.c; name = mcockpit.c; path = ../main/mcockpit.c; sourceTree = "<group>"; };
		03F5F81B1D0DC5DD00BFDD4E /* menu.c */ = {isa = PBXFileReference; fileEncoding = 4; lastKnownFileType = sourcecode.c.c; name = menu.c; path = ../main/menu.c; sourceTree = "<group>"; };
		03F5F81C1D0DC5DD00BFDD4E /* mglobal.c */ = {isa = PBXFileReference; fileEncoding = 4; lastKnownFileType = sourcecode.c.c; name = mglobal.c; path = ../main/mglobal.c; sourceTree = "<group>"; };
		03F5F81D1D0DC5DD00BFDD4E /* mission.c */ = {isa = PBXFileReference; fileEncoding = 4; lastKnownFileType = sourcecode.c.c; name = mission.c; path = ../main/mission.c; sourceTree = "<group>"; };
		03F5F81E1D0DC5DD00BFDD4E /* modem.c */ = {isa = PBXFileReference; fileEncoding = 4; lastKnownFileType = sourcecode.c.c; name = modem.c; path = ../main/modem.c; sourceTree = "<group>"; };
		03F5F81F1D0DC5DD00BFDD4E /* morph.c */ = {isa = PBXFileReference; fileEncoding = 4; lastKnownFileType = sourcecode.c.c; name = morph.c; path = ../main/morph.c; sourceTree = "<group>"; };
		03F5F8201D0DC5DD00BFDD4E /* multi.c */ = {isa = PBXFileReference; fileEncoding = 4; lastKnownFileType = sourcecode.c.c; name = multi.c; path = ../main/multi.c; sourceTree = "<group>"; };
		03F5F8211D0DC5DD00BFDD4E /* multibot.c */ = {isa = PBXFileReference; fileEncoding = 4; lastKnownFileType = sourcecode.c.c; name = multibot.c; path = ../main/multibot.c; sourceTree = "<group>"; };
		03F5F8221D0DC5DD00BFDD4E /* netmisc.c */ = {isa = PBXFileReference; fileEncoding = 4; lastKnownFileType = sourcecode.c.c; name = netmisc.c; path = ../main/netmisc.c; sourceTree = "<group>"; };
		03F5F8231D0DC5DD00BFDD4E /* network.c */ = {isa = PBXFileReference; fileEncoding = 4; lastKnownFileType = sourcecode.c.c; name = network.c; path = ../main/network.c; sourceTree = "<group>"; };
		03F5F8241D0DC5DD00BFDD4E /* newdemo.c */ = {isa = PBXFileReference; fileEncoding = 4; lastKnownFileType = sourcecode.c.c; name = newdemo.c; path = ../main/newdemo.c; sourceTree = "<group>"; };
		03F5F8251D0DC5DD00BFDD4E /* newmenu.c */ = {isa = PBXFileReference; fileEncoding = 4; lastKnownFileType = sourcecode.c.c; name = newmenu.c; path = ../main/newmenu.c; sourceTree = "<group>"; };
		03F5F8261D0DC5DD00BFDD4E /* object.c */ = {isa = PBXFileReference; fileEncoding = 4; lastKnownFileType = sourcecode.c.c; name = object.c; path = ../main/object.c; sourceTree = "<group>"; };
		03F5F8271D0DC5DD00BFDD4E /* paging.c */ = {isa = PBXFileReference; fileEncoding = 4; lastKnownFileType = sourcecode.c.c; name = paging.c; path = ../main/paging.c; sourceTree = "<group>"; };
		03F5F8281D0DC5DD00BFDD4E /* physics.c */ = {isa = PBXFileReference; fileEncoding = 4; lastKnownFileType = sourcecode.c.c; name = physics.c; path = ../main/physics.c; sourceTree = "<group>"; };
		03F5F8291D0DC5DD00BFDD4E /* piggy.c */ = {isa = PBXFileReference; fileEncoding = 4; lastKnownFileType = sourcecode.c.c; name = piggy.c; path = ../main/piggy.c; sourceTree = "<group>"; };
		03F5F82A1D0DC5DD00BFDD4E /* playsave.c */ = {isa = PBXFileReference; fileEncoding = 4; lastKnownFileType = sourcecode.c.c; name = playsave.c; path = ../main/playsave.c; sourceTree = "<group>"; };
		03F5F82B1D0DC5DD00BFDD4E /* polyobj.c */ = {isa = PBXFileReference; fileEncoding = 4; lastKnownFileType = sourcecode.c.c; name = polyobj.c; path = ../main/polyobj.c; sourceTree = "<group>"; };
		03F5F82C1D0DC5DD00BFDD4E /* powerup.c */ = {isa = PBXFileReference; fileEncoding = 4; lastKnownFileType = sourcecode.c.c; name = powerup.c; path = ../main/powerup.c; sourceTree = "<group>"; };
		03F5F82D1D0DC5DD00BFDD4E /* render.c */ = {isa = PBXFileReference; fileEncoding = 4; lastKnownFileType = sourcecode.c.c; name = render.c; path = ../main/render.c; sourceTree = "<group>"; };
		03F5F82E1D0DC5DD00BFDD4E /* robot.c */ = {isa = PBXFileReference; fileEncoding = 4; lastKnownFileType = sourcecode.c.c; name = robot.c; path = ../main/robot.c; sourceTree = "<group>"; };
		03F5F82F1D0DC5DD00BFDD4E /* scores.c */ = {isa = PBXFileReference; fileEncoding = 4; lastKnownFileType = sourcecode.c.c; name = scores.c; path = ../main/scores.c; sourceTree = "<group>"; };
		03F5F8301D0DC5DD00BFDD4E /* serial.c */ = {isa = PBXFileReference; fileEncoding = 4; lastKnownFileType = sourcecode.c.c; name = serial.c; path = ../main/serial.c; sourceTree = "<group>"; };
		03F5F8311D0DC5DD00BFDD4E /* slew.c */ = {isa = PBXFileReference; fileEncoding = 4; lastKnownFileType = sourcecode.c.c; name = slew.c; path = ../main/slew.c; sourceTree = "<group>"; };
		03F5F8321D0DC5DD00BFDD4E /* songs.c */ = {isa = PBXFileReference; fileEncoding = 4; lastKnownFileType = sourcecode.c.c; name = songs.c; path = ../main/songs.c; sourceTree = "<group>"; };
		03F5F8331D0DC5DD00BFDD4E /* state.c */ = {isa = PBXFileReference; fileEncoding = 4; lastKnownFileType = sourcecode.c.c; name = state.c; path = ../main/state.c; sourceTree = "<group>"; };
		03F5F8341D0DC5DD00BFDD4E /* switch.c */ = {isa = PBXFileReference; fileEncoding = 4; lastKnownFileType = sourcecode.c.c; name = switch.c; path = ../main/switch.c; sourceTree = "<group>"; };
		03F5F8351D0DC5DD00BFDD4E /* terrain.c */ = {isa = PBXFileReference; fileEncoding = 4; lastKnownFileType = sourcecode.c.c; name = terrain.c; path = ../main/terrain.c; sourceTree = "<group>"; };
		03F5F8361D0DC5DD00BFDD4E /* testgaug.c */ = {isa = PBXFileReference; fileEncoding = 4; lastKnownFileType = sourcecode.c.c; name = testgaug.c; path = ../main/testgaug.c; sourceTree = "<group>"; };
		03F5F8371D0DC5DD00BFDD4E /* texmerge.c */ = {isa = PBXFileReference; fileEncoding = 4; lastKnownFileType = sourcecode.c.c; name = texmerge.c; path = ../main/texmerge.c; sourceTree = "<group>"; };
		03F5F8381D0DC5DD00BFDD4E /* text.c */ = {isa = PBXFileReference; fileEncoding = 4; lastKnownFileType = sourcecode.c.c; name = text.c; path = ../main/text.c; sourceTree = "<group>"; };
		03F5F8391D0DC5DD00BFDD4E /* titles.c */ = {isa = PBXFileReference; fileEncoding = 4; lastKnownFileType = sourcecode.c.c; name = titles.c; path = ../main/titles.c; sourceTree = "<group>"; };
		03F5F83A1D0DC5DD00BFDD4E /* vclip.c */ = {isa = PBXFileReference; fileEncoding = 4; lastKnownFileType = sourcecode.c.c; name = vclip.c; path = ../main/vclip.c; sourceTree = "<group>"; };
		03F5F83B1D0DC5DD00BFDD4E /* vfx.c */ = {isa = PBXFileReference; fileEncoding = 4; lastKnownFileType = sourcecode.c.c; name = vfx.c; path = ../main/vfx.c; sourceTree = "<group>"; };
		03F5F83C1D0DC5DD00BFDD4E /* victor.c */ = {isa = PBXFileReference; fileEncoding = 4; lastKnownFileType = sourcecode.c.c; name = victor.c; path = ../main/victor.c; sourceTree = "<group>"; };
		03F5F83D1D0DC5DD00BFDD4E /* wall.c */ = {isa = PBXFileReference; fileEncoding = 4; lastKnownFileType = sourcecode.c.c; name = wall.c; path = ../main/wall.c; sourceTree = "<group>"; };
		03F5F83E1D0DC5DD00BFDD4E /* weapon.c */ = {isa = PBXFileReference; fileEncoding = 4; lastKnownFileType = sourcecode.c.c; name = weapon.c; path = ../main/weapon.c; sourceTree = "<group>"; };
/* End PBXFileReference section */

/* Begin PBXFrameworksBuildPhase section */
		031232F71BD4DAFB00BEBA87 /* Frameworks */ = {
			isa = PBXFrameworksBuildPhase;
			buildActionMask = 2147483647;
			files = (
			);
			runOnlyForDeploymentPostprocessing = 0;
		};
/* End PBXFrameworksBuildPhase section */

/* Begin PBXGroup section */
		031232F11BD4DAFB00BEBA87 = {
			isa = PBXGroup;
			children = (
				03F5F8111D0DC5DD00BFDD4E /* ios */,
				03F5F7F21D0DC5DD00BFDD4E /* ai.c */,
				03F5F7F31D0DC5DD00BFDD4E /* aipath.c */,
				03F5F7F41D0DC5DD00BFDD4E /* args.c */,
				03F5F7F51D0DC5DD00BFDD4E /* automap.c */,
				03F5F7F61D0DC5DD00BFDD4E /* bm.c */,
				03F5F7F71D0DC5DD00BFDD4E /* bmread.c */,
				03F5F7F81D0DC5DD00BFDD4E /* cntrlcen.c */,
				03F5F7F91D0DC5DD00BFDD4E /* collide.c */,
				03F5F7FA1D0DC5DD00BFDD4E /* config.c */,
				03F5F7FB1D0DC5DD00BFDD4E /* controls.c */,
				03F5F7FC1D0DC5DD00BFDD4E /* credits.c */,
				03F5F7FD1D0DC5DD00BFDD4E /* dumpmine.c */,
				03F5F7FE1D0DC5DD00BFDD4E /* effects.c */,
				03F5F7FF1D0DC5DD00BFDD4E /* endlevel.c */,
				03F5F8001D0DC5DD00BFDD4E /* escort.c */,
				03F5F8011D0DC5DD00BFDD4E /* fireball.c */,
				03F5F8021D0DC5DD00BFDD4E /* fuelcen.c */,
				03F5F8031D0DC5DD00BFDD4E /* fvi.c */,
				03F5F8041D0DC5DD00BFDD4E /* game.c */,
				03F5F8051D0DC5DD00BFDD4E /* gamefont.c */,
				03F5F8061D0DC5DD00BFDD4E /* gamemine.c */,
				03F5F8071D0DC5DD00BFDD4E /* gamesave.c */,
				03F5F8081D0DC5DD00BFDD4E /* gameseg.c */,
				03F5F8091D0DC5DD00BFDD4E /* gameseq.c */,
				03F5F80A1D0DC5DD00BFDD4E /* gauges.c */,
				03F5F80B1D0DC5DD00BFDD4E /* hash.c */,
				03F5F80C1D0DC5DD00BFDD4E /* hmp.c */,
				03F5F80D1D0DC5DD00BFDD4E /* hostage.c */,
				03F5F80E1D0DC5DD00BFDD4E /* hud.c */,
				03F5F80F1D0DC5DD00BFDD4E /* iglasses.c */,
				03F5F8101D0DC5DD00BFDD4E /* inferno.c */,
				03F5F8141D0DC5DD00BFDD4E /* joycal.c */,
				03F5F8151D0DC5DD00BFDD4E /* joydefs.c */,
				03F5F8161D0DC5DD00BFDD4E /* kconfig.c */,
				03F5F8171D0DC5DD00BFDD4E /* kmatrix.c */,
				03F5F8181D0DC5DD00BFDD4E /* laser.c */,
				03F5F8191D0DC5DD00BFDD4E /* lightning.c */,
				03F5F81A1D0DC5DD00BFDD4E /* mcockpit.c */,
				03F5F81B1D0DC5DD00BFDD4E /* menu.c */,
				03F5F81C1D0DC5DD00BFDD4E /* mglobal.c */,
				03F5F81D1D0DC5DD00BFDD4E /* mission.c */,
				03F5F81E1D0DC5DD00BFDD4E /* modem.c */,
				03F5F81F1D0DC5DD00BFDD4E /* morph.c */,
				03F5F8201D0DC5DD00BFDD4E /* multi.c */,
				03F5F8211D0DC5DD00BFDD4E /* multibot.c */,
				03F5F8221D0DC5DD00BFDD4E /* netmisc.c */,
				03F5F8231D0DC5DD00BFDD4E /* network.c */,
				03F5F8241D0DC5DD00BFDD4E /* newdemo.c */,
				03F5F8251D0DC5DD00BFDD4E /* newmenu.c */,
				03F5F8261D0DC5DD00BFDD4E /* object.c */,
				03F5F8271D0DC5DD00BFDD4E /* paging.c */,
				03F5F8281D0DC5DD00BFDD4E /* physics.c */,
				03F5F8291D0DC5DD00BFDD4E /* piggy.c */,
				03F5F82A1D0DC5DD00BFDD4E /* playsave.c */,
				03F5F82B1D0DC5DD00BFDD4E /* polyobj.c */,
				03F5F82C1D0DC5DD00BFDD4E /* powerup.c */,
				03F5F82D1D0DC5DD00BFDD4E /* render.c */,
				03F5F82E1D0DC5DD00BFDD4E /* robot.c */,
				03F5F82F1D0DC5DD00BFDD4E /* scores.c */,
				03F5F8301D0DC5DD00BFDD4E /* serial.c */,
				03F5F8311D0DC5DD00BFDD4E /* slew.c */,
				03F5F8321D0DC5DD00BFDD4E /* songs.c */,
				03F5F8331D0DC5DD00BFDD4E /* state.c */,
				03F5F8341D0DC5DD00BFDD4E /* switch.c */,
				03F5F8351D0DC5DD00BFDD4E /* terrain.c */,
				03F5F8361D0DC5DD00BFDD4E /* testgaug.c */,
				03F5F8371D0DC5DD00BFDD4E /* texmerge.c */,
				03F5F8381D0DC5DD00BFDD4E /* text.c */,
				03F5F8391D0DC5DD00BFDD4E /* titles.c */,
				03F5F83A1D0DC5DD00BFDD4E /* vclip.c */,
				03F5F83B1D0DC5DD00BFDD4E /* vfx.c */,
				03F5F83C1D0DC5DD00BFDD4E /* victor.c */,
				03F5F83D1D0DC5DD00BFDD4E /* wall.c */,
				03F5F83E1D0DC5DD00BFDD4E /* weapon.c */,
				031232FB1BD4DAFB00BEBA87 /* Products */,
			);
			sourceTree = "<group>";
		};
		031232FB1BD4DAFB00BEBA87 /* Products */ = {
			isa = PBXGroup;
			children = (
				031232FA1BD4DAFB00BEBA87 /* libmain.a */,
			);
			name = Products;
			sourceTree = "<group>";
		};
		03F5F8111D0DC5DD00BFDD4E /* ios */ = {
			isa = PBXGroup;
			children = (
				03F5F8121D0DC5DD00BFDD4E /* digi.c */,
				03F5F8131D0DC5DD00BFDD4E /* hmp.c */,
			);
			name = ios;
			path = ../main/ios;
			sourceTree = "<group>";
		};
/* End PBXGroup section */

/* Begin PBXNativeTarget section */
		031232F91BD4DAFB00BEBA87 /* main */ = {
			isa = PBXNativeTarget;
			buildConfigurationList = 031233031BD4DAFB00BEBA87 /* Build configuration list for PBXNativeTarget "main" */;
			buildPhases = (
				031232F61BD4DAFB00BEBA87 /* Sources */,
				031232F71BD4DAFB00BEBA87 /* Frameworks */,
				031232F81BD4DAFB00BEBA87 /* CopyFiles */,
			);
			buildRules = (
			);
			dependencies = (
			);
			name = main;
			productName = MAIN;
			productReference = 031232FA1BD4DAFB00BEBA87 /* libmain.a */;
			productType = "com.apple.product-type.library.static";
		};
/* End PBXNativeTarget section */

/* Begin PBXProject section */
		031232F21BD4DAFB00BEBA87 /* Project object */ = {
			isa = PBXProject;
			attributes = {
				LastUpgradeCheck = 0700;
				ORGANIZATIONNAME = "Devin Tuchsen";
				TargetAttributes = {
					031232F91BD4DAFB00BEBA87 = {
						CreatedOnToolsVersion = 7.0.1;
						DevelopmentTeam = 6WGTX4TY92;
					};
				};
			};
			buildConfigurationList = 031232F51BD4DAFB00BEBA87 /* Build configuration list for PBXProject "main" */;
			compatibilityVersion = "Xcode 3.2";
			developmentRegion = English;
			hasScannedForEncodings = 0;
			knownRegions = (
				en,
			);
			mainGroup = 031232F11BD4DAFB00BEBA87;
			productRefGroup = 031232FB1BD4DAFB00BEBA87 /* Products */;
			projectDirPath = "";
			projectRoot = "";
			targets = (
				031232F91BD4DAFB00BEBA87 /* main */,
			);
		};
/* End PBXProject section */

/* Begin PBXSourcesBuildPhase section */
		031232F61BD4DAFB00BEBA87 /* Sources */ = {
			isa = PBXSourcesBuildPhase;
			buildActionMask = 2147483647;
			files = (
				03F5F85F1D0DC5DD00BFDD4E /* hmp.c in Sources */,
				03F5F8401D0DC5DD00BFDD4E /* aipath.c in Sources */,
				03F5F87E1D0DC5DD00BFDD4E /* songs.c in Sources */,
				03F5F85A1D0DC5DD00BFDD4E /* hostage.c in Sources */,
				03F5F8881D0DC5DD00BFDD4E /* victor.c in Sources */,
				03F5F8891D0DC5DD00BFDD4E /* wall.c in Sources */,
				03F5F8571D0DC5DD00BFDD4E /* gauges.c in Sources */,
				03F5F8421D0DC5DD00BFDD4E /* automap.c in Sources */,
				03F5F84C1D0DC5DD00BFDD4E /* endlevel.c in Sources */,
				03F5F87A1D0DC5DD00BFDD4E /* robot.c in Sources */,
				03F5F8451D0DC5DD00BFDD4E /* cntrlcen.c in Sources */,
				03F5F8831D0DC5DD00BFDD4E /* texmerge.c in Sources */,
				03F5F8701D0DC5DD00BFDD4E /* newdemo.c in Sources */,
				03F5F8441D0DC5DD00BFDD4E /* bmread.c in Sources */,
				03F5F8471D0DC5DD00BFDD4E /* config.c in Sources */,
				03F5F8431D0DC5DD00BFDD4E /* bm.c in Sources */,
				03F5F84F1D0DC5DD00BFDD4E /* fuelcen.c in Sources */,
				03F5F85B1D0DC5DD00BFDD4E /* hud.c in Sources */,
				03F5F8801D0DC5DD00BFDD4E /* switch.c in Sources */,
				03F5F8671D0DC5DD00BFDD4E /* menu.c in Sources */,
				03F5F8731D0DC5DD00BFDD4E /* paging.c in Sources */,
				03F5F84A1D0DC5DD00BFDD4E /* dumpmine.c in Sources */,
				03F5F8851D0DC5DD00BFDD4E /* titles.c in Sources */,
				03F5F8661D0DC5DD00BFDD4E /* mcockpit.c in Sources */,
				03F5F83F1D0DC5DD00BFDD4E /* ai.c in Sources */,
				03F5F87B1D0DC5DD00BFDD4E /* scores.c in Sources */,
				03F5F8791D0DC5DD00BFDD4E /* render.c in Sources */,
				03F5F8461D0DC5DD00BFDD4E /* collide.c in Sources */,
				03F5F85C1D0DC5DD00BFDD4E /* iglasses.c in Sources */,
				03F5F8491D0DC5DD00BFDD4E /* credits.c in Sources */,
				03F5F8601D0DC5DD00BFDD4E /* joycal.c in Sources */,
				03F5F8581D0DC5DD00BFDD4E /* hash.c in Sources */,
				03F5F8861D0DC5DD00BFDD4E /* vclip.c in Sources */,
				03F5F87D1D0DC5DD00BFDD4E /* slew.c in Sources */,
				03F5F8741D0DC5DD00BFDD4E /* physics.c in Sources */,
				03F5F8811D0DC5DD00BFDD4E /* terrain.c in Sources */,
				03F5F8821D0DC5DD00BFDD4E /* testgaug.c in Sources */,
				03F5F8521D0DC5DD00BFDD4E /* gamefont.c in Sources */,
				03F5F8871D0DC5DD00BFDD4E /* vfx.c in Sources */,
				03F5F8611D0DC5DD00BFDD4E /* joydefs.c in Sources */,
				03F5F8781D0DC5DD00BFDD4E /* powerup.c in Sources */,
				03F5F85D1D0DC5DD00BFDD4E /* inferno.c in Sources */,
				03F5F8591D0DC5DD00BFDD4E /* hmp.c in Sources */,
				03F5F86C1D0DC5DD00BFDD4E /* multi.c in Sources */,
				03F5F85E1D0DC5DD00BFDD4E /* digi.c in Sources */,
				03F5F8841D0DC5DD00BFDD4E /* text.c in Sources */,
				03F5F8681D0DC5DD00BFDD4E /* mglobal.c in Sources */,
				03F5F8651D0DC5DD00BFDD4E /* lightning.c in Sources */,
				03F5F8771D0DC5DD00BFDD4E /* polyobj.c in Sources */,
				03F5F8711D0DC5DD00BFDD4E /* newmenu.c in Sources */,
				03F5F8561D0DC5DD00BFDD4E /* gameseq.c in Sources */,
				03F5F84B1D0DC5DD00BFDD4E /* effects.c in Sources */,
				03F5F86B1D0DC5DD00BFDD4E /* morph.c in Sources */,
				03F5F84E1D0DC5DD00BFDD4E /* fireball.c in Sources */,
				03F5F84D1D0DC5DD00BFDD4E /* escort.c in Sources */,
				03F5F8501D0DC5DD00BFDD4E /* fvi.c in Sources */,
				03F5F8641D0DC5DD00BFDD4E /* laser.c in Sources */,
				03F5F8631D0DC5DD00BFDD4E /* kmatrix.c in Sources */,
				03F5F8691D0DC5DD00BFDD4E /* mission.c in Sources */,
				03F5F8721D0DC5DD00BFDD4E /* object.c in Sources */,
				03F5F8411D0DC5DD00BFDD4E /* args.c in Sources */,
				03F5F8551D0DC5DD00BFDD4E /* gameseg.c in Sources */,
				03F5F8751D0DC5DD00BFDD4E /* piggy.c in Sources */,
				03F5F87C1D0DC5DD00BFDD4E /* serial.c in Sources */,
				03F5F86A1D0DC5DD00BFDD4E /* modem.c in Sources */,
				03F5F8621D0DC5DD00BFDD4E /* kconfig.c in Sources */,
				03F5F8761D0DC5DD00BFDD4E /* playsave.c in Sources */,
				03F5F8541D0DC5DD00BFDD4E /* gamesave.c in Sources */,
				03F5F86D1D0DC5DD00BFDD4E /* multibot.c in Sources */,
				03F5F8511D0DC5DD00BFDD4E /* game.c in Sources */,
				03F5F86F1D0DC5DD00BFDD4E /* network.c in Sources */,
				03F5F86E1D0DC5DD00BFDD4E /* netmisc.c in Sources */,
				03F5F8481D0DC5DD00BFDD4E /* controls.c in Sources */,
				03F5F87F1D0DC5DD00BFDD4E /* state.c in Sources */,
				03F5F8531D0DC5DD00BFDD4E /* gamemine.c in Sources */,
				03F5F88A1D0DC5DD00BFDD4E /* weapon.c in Sources */,
			);
			runOnlyForDeploymentPostprocessing = 0;
		};
/* End PBXSourcesBuildPhase section */

/* Begin XCBuildConfiguration section */
		031233011BD4DAFB00BEBA87 /* Debug (OpenGL ES) */ = {
			isa = XCBuildConfiguration;
			buildSettings = {
				ALWAYS_SEARCH_USER_PATHS = NO;
				CLANG_CXX_LANGUAGE_STANDARD = "gnu++0x";
				CLANG_CXX_LIBRARY = "libc++";
				CLANG_ENABLE_MODULES = YES;
				CLANG_ENABLE_OBJC_ARC = YES;
				CLANG_WARN_BOOL_CONVERSION = YES;
				CLANG_WARN_CONSTANT_CONVERSION = YES;
				CLANG_WARN_DIRECT_OBJC_ISA_USAGE = YES_ERROR;
				CLANG_WARN_EMPTY_BODY = YES;
				CLANG_WARN_ENUM_CONVERSION = YES;
				CLANG_WARN_INT_CONVERSION = YES;
				CLANG_WARN_OBJC_ROOT_CLASS = YES_ERROR;
				CLANG_WARN_UNREACHABLE_CODE = YES;
				CLANG_WARN__DUPLICATE_METHOD_MATCH = YES;
				COPY_PHASE_STRIP = NO;
				DEBUG_INFORMATION_FORMAT = dwarf;
				ENABLE_STRICT_OBJC_MSGSEND = YES;
				ENABLE_TESTABILITY = YES;
				GCC_C_LANGUAGE_STANDARD = gnu99;
				GCC_DYNAMIC_NO_PIC = NO;
				GCC_NO_COMMON_BLOCKS = YES;
				GCC_OPTIMIZATION_LEVEL = 0;
				GCC_PREPROCESSOR_DEFINITIONS = (
					"DEBUG=1",
					"$(inherited)",
				);
				GCC_WARN_64_TO_32_BIT_CONVERSION = YES;
				GCC_WARN_ABOUT_RETURN_TYPE = YES_ERROR;
				GCC_WARN_UNDECLARED_SELECTOR = YES;
				GCC_WARN_UNINITIALIZED_AUTOS = YES_AGGRESSIVE;
				GCC_WARN_UNUSED_FUNCTION = YES;
				GCC_WARN_UNUSED_VARIABLE = YES;
				HEADER_SEARCH_PATHS = ../lib;
				IPHONEOS_DEPLOYMENT_TARGET = 9.0;
				MTL_ENABLE_DEBUG_INFO = YES;
				ONLY_ACTIVE_ARCH = YES;
				SDKROOT = iphoneos;
			};
			name = "Debug (OpenGL ES)";
		};
		031233021BD4DAFB00BEBA87 /* Release (OpenGL ES) */ = {
			isa = XCBuildConfiguration;
			buildSettings = {
				ALWAYS_SEARCH_USER_PATHS = NO;
				CLANG_CXX_LANGUAGE_STANDARD = "gnu++0x";
				CLANG_CXX_LIBRARY = "libc++";
				CLANG_ENABLE_MODULES = YES;
				CLANG_ENABLE_OBJC_ARC = YES;
				CLANG_WARN_BOOL_CONVERSION = YES;
				CLANG_WARN_CONSTANT_CONVERSION = YES;
				CLANG_WARN_DIRECT_OBJC_ISA_USAGE = YES_ERROR;
				CLANG_WARN_EMPTY_BODY = YES;
				CLANG_WARN_ENUM_CONVERSION = YES;
				CLANG_WARN_INT_CONVERSION = YES;
				CLANG_WARN_OBJC_ROOT_CLASS = YES_ERROR;
				CLANG_WARN_UNREACHABLE_CODE = YES;
				CLANG_WARN__DUPLICATE_METHOD_MATCH = YES;
				COPY_PHASE_STRIP = NO;
				DEBUG_INFORMATION_FORMAT = "dwarf-with-dsym";
				ENABLE_NS_ASSERTIONS = NO;
				ENABLE_STRICT_OBJC_MSGSEND = YES;
				GCC_C_LANGUAGE_STANDARD = gnu99;
				GCC_NO_COMMON_BLOCKS = YES;
				GCC_WARN_64_TO_32_BIT_CONVERSION = YES;
				GCC_WARN_ABOUT_RETURN_TYPE = YES_ERROR;
				GCC_WARN_UNDECLARED_SELECTOR = YES;
				GCC_WARN_UNINITIALIZED_AUTOS = YES_AGGRESSIVE;
				GCC_WARN_UNUSED_FUNCTION = YES;
				GCC_WARN_UNUSED_VARIABLE = YES;
				HEADER_SEARCH_PATHS = ../lib;
				IPHONEOS_DEPLOYMENT_TARGET = 9.0;
				MTL_ENABLE_DEBUG_INFO = NO;
				SDKROOT = iphoneos;
				VALIDATE_PRODUCT = YES;
			};
			name = "Release (OpenGL ES)";
		};
		031233041BD4DAFB00BEBA87 /* Debug (OpenGL ES) */ = {
			isa = XCBuildConfiguration;
			buildSettings = {
				GCC_INPUT_FILETYPE = automatic;
				GCC_PREPROCESSOR_DEFINITIONS = (
					"$(inherited)",
					NETWORK,
					OGLES,
				);
				"GCC_PREPROCESSOR_DEFINITIONS[arch=*]" = "$(inherited)";
				INFOPLIST_PREPROCESSOR_DEFINITIONS = "";
				OTHER_LDFLAGS = "-ObjC";
				PRODUCT_NAME = "$(TARGET_NAME)";
				SKIP_INSTALL = YES;
			};
			name = "Debug (OpenGL ES)";
		};
		031233051BD4DAFB00BEBA87 /* Release (OpenGL ES) */ = {
			isa = XCBuildConfiguration;
			buildSettings = {
				GCC_INPUT_FILETYPE = automatic;
				GCC_PREPROCESSOR_DEFINITIONS = (
					RELEASE,
					NDEBUG,
					NETWORK,
					OGLES,
				);
				"GCC_PREPROCESSOR_DEFINITIONS[arch=*]" = "$(inherited)";
				INFOPLIST_PREPROCESSOR_DEFINITIONS = "";
				OTHER_LDFLAGS = "-ObjC";
				PRODUCT_NAME = "$(TARGET_NAME)";
				SKIP_INSTALL = YES;
			};
			name = "Release (OpenGL ES)";
		};
		03BF18D21C27A6F0003BE14A /* Debug (Software) */ = {
			isa = XCBuildConfiguration;
			buildSettings = {
				ALWAYS_SEARCH_USER_PATHS = NO;
				CLANG_CXX_LANGUAGE_STANDARD = "gnu++0x";
				CLANG_CXX_LIBRARY = "libc++";
				CLANG_ENABLE_MODULES = YES;
				CLANG_ENABLE_OBJC_ARC = YES;
				CLANG_WARN_BOOL_CONVERSION = YES;
				CLANG_WARN_CONSTANT_CONVERSION = YES;
				CLANG_WARN_DIRECT_OBJC_ISA_USAGE = YES_ERROR;
				CLANG_WARN_EMPTY_BODY = YES;
				CLANG_WARN_ENUM_CONVERSION = YES;
				CLANG_WARN_INT_CONVERSION = YES;
				CLANG_WARN_OBJC_ROOT_CLASS = YES_ERROR;
				CLANG_WARN_UNREACHABLE_CODE = YES;
				CLANG_WARN__DUPLICATE_METHOD_MATCH = YES;
				COPY_PHASE_STRIP = NO;
				DEBUG_INFORMATION_FORMAT = dwarf;
				ENABLE_STRICT_OBJC_MSGSEND = YES;
				ENABLE_TESTABILITY = YES;
				GCC_C_LANGUAGE_STANDARD = gnu99;
				GCC_DYNAMIC_NO_PIC = NO;
				GCC_NO_COMMON_BLOCKS = YES;
				GCC_OPTIMIZATION_LEVEL = 0;
				GCC_PREPROCESSOR_DEFINITIONS = (
					"DEBUG=1",
					"$(inherited)",
				);
				GCC_WARN_64_TO_32_BIT_CONVERSION = YES;
				GCC_WARN_ABOUT_RETURN_TYPE = YES_ERROR;
				GCC_WARN_UNDECLARED_SELECTOR = YES;
				GCC_WARN_UNINITIALIZED_AUTOS = YES_AGGRESSIVE;
				GCC_WARN_UNUSED_FUNCTION = YES;
				GCC_WARN_UNUSED_VARIABLE = YES;
				HEADER_SEARCH_PATHS = ../lib;
				IPHONEOS_DEPLOYMENT_TARGET = 9.0;
				MTL_ENABLE_DEBUG_INFO = YES;
				ONLY_ACTIVE_ARCH = YES;
				SDKROOT = iphoneos;
			};
			name = "Debug (Software)";
		};
		03BF18D31C27A6F0003BE14A /* Debug (Software) */ = {
			isa = XCBuildConfiguration;
			buildSettings = {
				GCC_INPUT_FILETYPE = automatic;
				GCC_PREPROCESSOR_DEFINITIONS = (
					"$(inherited)",
					NETWORK,
				);
				"GCC_PREPROCESSOR_DEFINITIONS[arch=*]" = "$(inherited)";
				INFOPLIST_PREPROCESSOR_DEFINITIONS = "";
				OTHER_LDFLAGS = "-ObjC";
				PRODUCT_NAME = "$(TARGET_NAME)";
				SKIP_INSTALL = YES;
			};
			name = "Debug (Software)";
		};
		03BF18D41C27A6FA003BE14A /* Release (Software) */ = {
			isa = XCBuildConfiguration;
			buildSettings = {
				ALWAYS_SEARCH_USER_PATHS = NO;
				CLANG_CXX_LANGUAGE_STANDARD = "gnu++0x";
				CLANG_CXX_LIBRARY = "libc++";
				CLANG_ENABLE_MODULES = YES;
				CLANG_ENABLE_OBJC_ARC = YES;
				CLANG_WARN_BOOL_CONVERSION = YES;
				CLANG_WARN_CONSTANT_CONVERSION = YES;
				CLANG_WARN_DIRECT_OBJC_ISA_USAGE = YES_ERROR;
				CLANG_WARN_EMPTY_BODY = YES;
				CLANG_WARN_ENUM_CONVERSION = YES;
				CLANG_WARN_INT_CONVERSION = YES;
				CLANG_WARN_OBJC_ROOT_CLASS = YES_ERROR;
				CLANG_WARN_UNREACHABLE_CODE = YES;
				CLANG_WARN__DUPLICATE_METHOD_MATCH = YES;
				COPY_PHASE_STRIP = NO;
				DEBUG_INFORMATION_FORMAT = "dwarf-with-dsym";
				ENABLE_NS_ASSERTIONS = NO;
				ENABLE_STRICT_OBJC_MSGSEND = YES;
				GCC_C_LANGUAGE_STANDARD = gnu99;
				GCC_NO_COMMON_BLOCKS = YES;
				GCC_WARN_64_TO_32_BIT_CONVERSION = YES;
				GCC_WARN_ABOUT_RETURN_TYPE = YES_ERROR;
				GCC_WARN_UNDECLARED_SELECTOR = YES;
				GCC_WARN_UNINITIALIZED_AUTOS = YES_AGGRESSIVE;
				GCC_WARN_UNUSED_FUNCTION = YES;
				GCC_WARN_UNUSED_VARIABLE = YES;
				HEADER_SEARCH_PATHS = ../lib;
				IPHONEOS_DEPLOYMENT_TARGET = 9.0;
				MTL_ENABLE_DEBUG_INFO = NO;
				SDKROOT = iphoneos;
				VALIDATE_PRODUCT = YES;
			};
			name = "Release (Software)";
		};
		03BF18D51C27A6FA003BE14A /* Release (Software) */ = {
			isa = XCBuildConfiguration;
			buildSettings = {
				GCC_INPUT_FILETYPE = automatic;
				GCC_PREPROCESSOR_DEFINITIONS = (
					RELEASE,
					NDEBUG,
					NETWORK,
				);
				"GCC_PREPROCESSOR_DEFINITIONS[arch=*]" = "$(inherited)";
				INFOPLIST_PREPROCESSOR_DEFINITIONS = "";
				OTHER_LDFLAGS = "-ObjC";
				PRODUCT_NAME = "$(TARGET_NAME)";
				SKIP_INSTALL = YES;
			};
			name = "Release (Software)";
		};
/* End XCBuildConfiguration section */

/* Begin XCConfigurationList section */
		031232F51BD4DAFB00BEBA87 /* Build configuration list for PBXProject "main" */ = {
			isa = XCConfigurationList;
			buildConfigurations = (
				031233011BD4DAFB00BEBA87 /* Debug (OpenGL ES) */,
				03BF18D21C27A6F0003BE14A /* Debug (Software) */,
				031233021BD4DAFB00BEBA87 /* Release (OpenGL ES) */,
				03BF18D41C27A6FA003BE14A /* Release (Software) */,
			);
			defaultConfigurationIsVisible = 0;
			defaultConfigurationName = "Release (OpenGL ES)";
		};
		031233031BD4DAFB00BEBA87 /* Build configuration list for PBXNativeTarget "main" */ = {
			isa = XCConfigurationList;
			buildConfigurations = (
				031233041BD4DAFB00BEBA87 /* Debug (OpenGL ES) */,
				03BF18D31C27A6F0003BE14A /* Debug (Software) */,
				031233051BD4DAFB00BEBA87 /* Release (OpenGL ES) */,
				03BF18D51C27A6FA003BE14A /* Release (Software) */,
			);
			defaultConfigurationIsVisible = 0;
			defaultConfigurationName = "Release (OpenGL ES)";
		};
/* End XCConfigurationList section */
	};
	rootObject = 031232F21BD4DAFB00BEBA87 /* Project object */;
}
