// !$*UTF8*$!
{
	archiveVersion = 1;
	classes = {
	};
	objectVersion = 46;
	objects = {

/* Begin PBXBuildFile section */
		0356D7991BD490D500B013B9 /* FIX.C in Sources */ = {isa = PBXBuildFile; fileRef = 0356D7961BD490D500B013B9 /* FIX.C */; settings = {ASSET_TAGS = (); }; };
		0356D79A1BD490D500B013B9 /* TABLES.C in Sources */ = {isa = PBXBuildFile; fileRef = 0356D7981BD490D500B013B9 /* TABLES.C */; settings = {ASSET_TAGS = (); }; };
/* End PBXBuildFile section */

/* Begin PBXCopyFilesBuildPhase section */
		0356D7881BD490A700B013B9 /* CopyFiles */ = {
			isa = PBXCopyFilesBuildPhase;
			buildActionMask = 2147483647;
			dstPath = "include/$(PRODUCT_NAME)";
			dstSubfolderSpec = 16;
			files = (
			);
			runOnlyForDeploymentPostprocessing = 0;
		};
/* End PBXCopyFilesBuildPhase section */

/* Begin PBXFileReference section */
		0356D78A1BD490A700B013B9 /* libFIX.a */ = {isa = PBXFileReference; explicitFileType = archive.ar; includeInIndex = 0; path = libFIX.a; sourceTree = BUILT_PRODUCTS_DIR; };
		0356D7961BD490D500B013B9 /* FIX.C */ = {isa = PBXFileReference; fileEncoding = 4; lastKnownFileType = sourcecode.cpp.cpp; path = FIX.C; sourceTree = SOURCE_ROOT; };
		0356D7971BD490D500B013B9 /* FIX.H */ = {isa = PBXFileReference; fileEncoding = 4; lastKnownFileType = sourcecode.cpp.h; path = FIX.H; sourceTree = SOURCE_ROOT; };
		0356D7981BD490D500B013B9 /* TABLES.C */ = {isa = PBXFileReference; fileEncoding = 4; lastKnownFileType = sourcecode.cpp.cpp; path = TABLES.C; sourceTree = SOURCE_ROOT; };
/* End PBXFileReference section */

/* Begin PBXFrameworksBuildPhase section */
		0356D7871BD490A700B013B9 /* Frameworks */ = {
			isa = PBXFrameworksBuildPhase;
			buildActionMask = 2147483647;
			files = (
			);
			runOnlyForDeploymentPostprocessing = 0;
		};
/* End PBXFrameworksBuildPhase section */

/* Begin PBXGroup section */
		0356D7811BD490A700B013B9 = {
			isa = PBXGroup;
			children = (
				0356D78C1BD490A700B013B9 /* FIX */,
				0356D78B1BD490A700B013B9 /* Products */,
			);
			sourceTree = "<group>";
		};
		0356D78B1BD490A700B013B9 /* Products */ = {
			isa = PBXGroup;
			children = (
				0356D78A1BD490A700B013B9 /* libFIX.a */,
			);
			name = Products;
			sourceTree = "<group>";
		};
		0356D78C1BD490A700B013B9 /* FIX */ = {
			isa = PBXGroup;
			children = (
				0356D7961BD490D500B013B9 /* FIX.C */,
				0356D7971BD490D500B013B9 /* FIX.H */,
				0356D7981BD490D500B013B9 /* TABLES.C */,
			);
			path = FIX;
			sourceTree = "<group>";
		};
/* End PBXGroup section */

/* Begin PBXNativeTarget section */
		0356D7891BD490A700B013B9 /* FIX */ = {
			isa = PBXNativeTarget;
			buildConfigurationList = 0356D7931BD490A700B013B9 /* Build configuration list for PBXNativeTarget "FIX" */;
			buildPhases = (
				0356D7861BD490A700B013B9 /* Sources */,
				0356D7871BD490A700B013B9 /* Frameworks */,
				0356D7881BD490A700B013B9 /* CopyFiles */,
			);
			buildRules = (
			);
			dependencies = (
			);
			name = FIX;
			productName = FIX;
			productReference = 0356D78A1BD490A700B013B9 /* libFIX.a */;
			productType = "com.apple.product-type.library.static";
		};
/* End PBXNativeTarget section */

/* Begin PBXProject section */
		0356D7821BD490A700B013B9 /* Project object */ = {
			isa = PBXProject;
			attributes = {
				LastUpgradeCheck = 0700;
				ORGANIZATIONNAME = "Devin Tuchsen";
				TargetAttributes = {
					0356D7891BD490A700B013B9 = {
						CreatedOnToolsVersion = 7.0.1;
					};
				};
			};
			buildConfigurationList = 0356D7851BD490A700B013B9 /* Build configuration list for PBXProject "FIX" */;
			compatibilityVersion = "Xcode 3.2";
			developmentRegion = English;
			hasScannedForEncodings = 0;
			knownRegions = (
				en,
			);
			mainGroup = 0356D7811BD490A700B013B9;
			productRefGroup = 0356D78B1BD490A700B013B9 /* Products */;
			projectDirPath = "";
			projectRoot = "";
			targets = (
				0356D7891BD490A700B013B9 /* FIX */,
			);
		};
/* End PBXProject section */

/* Begin PBXSourcesBuildPhase section */
		0356D7861BD490A700B013B9 /* Sources */ = {
			isa = PBXSourcesBuildPhase;
			buildActionMask = 2147483647;
			files = (
				0356D79A1BD490D500B013B9 /* TABLES.C in Sources */,
				0356D7991BD490D500B013B9 /* FIX.C in Sources */,
			);
			runOnlyForDeploymentPostprocessing = 0;
		};
/* End PBXSourcesBuildPhase section */

/* Begin XCBuildConfiguration section */
		0356D7911BD490A700B013B9 /* Debug */ = {
			isa = XCBuildConfiguration;
			buildSettings = {
				ALWAYS_SEARCH_USER_PATHS = NO;
				CLANG_CXX_LANGUAGE_STANDARD = "gnu++0x";
				CLANG_CXX_LIBRARY = "libc++";
				CLANG_ENABLE_MODULES = YES;
				CLANG_ENABLE_OBJC_ARC = YES;
				CLANG_WARN_BOOL_CONVERSION = YES;
				CLANG_WARN_CONSTANT_CONVERSION = YES;
				CLANG_WARN_DIRECT_OBJC_ISA_USAGE = YES_ERROR;
				CLANG_WARN_EMPTY_BODY = YES;
				CLANG_WARN_ENUM_CONVERSION = YES;
				CLANG_WARN_INT_CONVERSION = YES;
				CLANG_WARN_OBJC_ROOT_CLASS = YES_ERROR;
				CLANG_WARN_UNREACHABLE_CODE = YES;
				CLANG_WARN__DUPLICATE_METHOD_MATCH = YES;
				COPY_PHASE_STRIP = NO;
				DEBUG_INFORMATION_FORMAT = dwarf;
				ENABLE_STRICT_OBJC_MSGSEND = YES;
				ENABLE_TESTABILITY = YES;
				GCC_C_LANGUAGE_STANDARD = gnu99;
				GCC_DYNAMIC_NO_PIC = NO;
				GCC_NO_COMMON_BLOCKS = YES;
				GCC_OPTIMIZATION_LEVEL = 0;
				GCC_PREPROCESSOR_DEFINITIONS = (
					"DEBUG=1",
					"$(inherited)",
				);
				GCC_WARN_64_TO_32_BIT_CONVERSION = YES;
				GCC_WARN_ABOUT_RETURN_TYPE = YES_ERROR;
				GCC_WARN_UNDECLARED_SELECTOR = YES;
				GCC_WARN_UNINITIALIZED_AUTOS = YES_AGGRESSIVE;
				GCC_WARN_UNUSED_FUNCTION = YES;
				GCC_WARN_UNUSED_VARIABLE = YES;
				IPHONEOS_DEPLOYMENT_TARGET = 9.0;
				MTL_ENABLE_DEBUG_INFO = YES;
				ONLY_ACTIVE_ARCH = YES;
				SDKROOT = iphoneos;
			};
			name = Debug;
		};
		0356D7921BD490A700B013B9 /* Release */ = {
			isa = XCBuildConfiguration;
			buildSettings = {
				ALWAYS_SEARCH_USER_PATHS = NO;
				CLANG_CXX_LANGUAGE_STANDARD = "gnu++0x";
				CLANG_CXX_LIBRARY = "libc++";
				CLANG_ENABLE_MODULES = YES;
				CLANG_ENABLE_OBJC_ARC = YES;
				CLANG_WARN_BOOL_CONVERSION = YES;
				CLANG_WARN_CONSTANT_CONVERSION = YES;
				CLANG_WARN_DIRECT_OBJC_ISA_USAGE = YES_ERROR;
				CLANG_WARN_EMPTY_BODY = YES;
				CLANG_WARN_ENUM_CONVERSION = YES;
				CLANG_WARN_INT_CONVERSION = YES;
				CLANG_WARN_OBJC_ROOT_CLASS = YES_ERROR;
				CLANG_WARN_UNREACHABLE_CODE = YES;
				CLANG_WARN__DUPLICATE_METHOD_MATCH = YES;
				COPY_PHASE_STRIP = NO;
				DEBUG_INFORMATION_FORMAT = "dwarf-with-dsym";
				ENABLE_NS_ASSERTIONS = NO;
				ENABLE_STRICT_OBJC_MSGSEND = YES;
				GCC_C_LANGUAGE_STANDARD = gnu99;
				GCC_NO_COMMON_BLOCKS = YES;
				GCC_WARN_64_TO_32_BIT_CONVERSION = YES;
				GCC_WARN_ABOUT_RETURN_TYPE = YES_ERROR;
				GCC_WARN_UNDECLARED_SELECTOR = YES;
				GCC_WARN_UNINITIALIZED_AUTOS = YES_AGGRESSIVE;
				GCC_WARN_UNUSED_FUNCTION = YES;
				GCC_WARN_UNUSED_VARIABLE = YES;
				IPHONEOS_DEPLOYMENT_TARGET = 9.0;
				MTL_ENABLE_DEBUG_INFO = NO;
				SDKROOT = iphoneos;
				VALIDATE_PRODUCT = YES;
			};
			name = Release;
		};
		0356D7941BD490A700B013B9 /* Debug */ = {
			isa = XCBuildConfiguration;
			buildSettings = {
				CLANG_CXX_LIBRARY = "libc++";
				GCC_INPUT_FILETYPE = sourcecode.c.c;
				HEADER_SEARCH_PATHS = ../LIB;
				OTHER_LDFLAGS = "-ObjC";
				PRODUCT_NAME = "$(TARGET_NAME)";
				SKIP_INSTALL = YES;
			};
			name = Debug;
		};
		0356D7951BD490A700B013B9 /* Release */ = {
			isa = XCBuildConfiguration;
			buildSettings = {
				CLANG_CXX_LIBRARY = "libc++";
				GCC_INPUT_FILETYPE = sourcecode.c.c;
				HEADER_SEARCH_PATHS = ../LIB;
				OTHER_LDFLAGS = "-ObjC";
				PRODUCT_NAME = "$(TARGET_NAME)";
				SKIP_INSTALL = YES;
			};
			name = Release;
		};
/* End XCBuildConfiguration section */

/* Begin XCConfigurationList section */
		0356D7851BD490A700B013B9 /* Build configuration list for PBXProject "FIX" */ = {
			isa = XCConfigurationList;
			buildConfigurations = (
				0356D7911BD490A700B013B9 /* Debug */,
				0356D7921BD490A700B013B9 /* Release */,
			);
			defaultConfigurationIsVisible = 0;
			defaultConfigurationName = Release;
		};
		0356D7931BD490A700B013B9 /* Build configuration list for PBXNativeTarget "FIX" */ = {
			isa = XCConfigurationList;
			buildConfigurations = (
				0356D7941BD490A700B013B9 /* Debug */,
				0356D7951BD490A700B013B9 /* Release */,
			);
			defaultConfigurationIsVisible = 0;
			defaultConfigurationName = Release;
		};
/* End XCConfigurationList section */
	};
	rootObject = 0356D7821BD490A700B013B9 /* Project object */;
}
