// !$*UTF8*$!
{
	archiveVersion = 1;
	classes = {
	};
	objectVersion = 46;
	objects = {

/* Begin PBXBuildFile section */
		03F5F8A01D0DC72300BFDD4E /* ntmap.c in Sources */ = {isa = PBXBuildFile; fileRef = 03F5F89B1D0DC72300BFDD4E /* ntmap.c */; };
		03F5F8A11D0DC72300BFDD4E /* oglestex.c in Sources */ = {isa = PBXBuildFile; fileRef = 03F5F89D1D0DC72300BFDD4E /* oglestex.c */; };
		03F5F8A21D0DC72300BFDD4E /* scanline.c in Sources */ = {isa = PBXBuildFile; fileRef = 03F5F89E1D0DC72300BFDD4E /* scanline.c */; };
		03F5F8A31D0DC72300BFDD4E /* tmapflat.c in Sources */ = {isa = PBXBuildFile; fileRef = 03F5F89F1D0DC72300BFDD4E /* tmapflat.c */; };
/* End PBXBuildFile section */

/* Begin PBXCopyFilesBuildPhase section */
		0312321B1BD4A5ED00BEBA87 /* CopyFiles */ = {
			isa = PBXCopyFilesBuildPhase;
			buildActionMask = 2147483647;
			dstPath = "include/$(PRODUCT_NAME)";
			dstSubfolderSpec = 16;
			files = (
			);
			runOnlyForDeploymentPostprocessing = 0;
		};
/* End PBXCopyFilesBuildPhase section */

/* Begin PBXFileReference section */
		0312321D1BD4A5ED00BEBA87 /* libtexmap.a */ = {isa = PBXFileReference; explicitFileType = archive.ar; includeInIndex = 0; path = libtexmap.a; sourceTree = BUILT_PRODUCTS_DIR; };
		03F5F89B1D0DC72300BFDD4E /* ntmap.c */ = {isa = PBXFileReference; fileEncoding = 4; lastKnownFileType = sourcecode.c.c; name = ntmap.c; path = ../texmap/ntmap.c; sourceTree = "<group>"; };
		03F5F89D1D0DC72300BFDD4E /* oglestex.c */ = {isa = PBXFileReference; fileEncoding = 4; lastKnownFileType = sourcecode.c.c; path = oglestex.c; sourceTree = "<group>"; };
		03F5F89E1D0DC72300BFDD4E /* scanline.c */ = {isa = PBXFileReference; fileEncoding = 4; lastKnownFileType = sourcecode.c.c; name = scanline.c; path = ../texmap/scanline.c; sourceTree = "<group>"; };
		03F5F89F1D0DC72300BFDD4E /* tmapflat.c */ = {isa = PBXFileReference; fileEncoding = 4; lastKnownFileType = sourcecode.c.c; name = tmapflat.c; path = ../texmap/tmapflat.c; sourceTree = "<group>"; };
/* End PBXFileReference section */

/* Begin PBXFrameworksBuildPhase section */
		0312321A1BD4A5ED00BEBA87 /* Frameworks */ = {
			isa = PBXFrameworksBuildPhase;
			buildActionMask = 2147483647;
			files = (
			);
			runOnlyForDeploymentPostprocessing = 0;
		};
/* End PBXFrameworksBuildPhase section */

/* Begin PBXGroup section */
		031232141BD4A5ED00BEBA87 = {
			isa = PBXGroup;
			children = (
				03F5F89C1D0DC72300BFDD4E /* ogles */,
				03F5F89B1D0DC72300BFDD4E /* ntmap.c */,
				03F5F89E1D0DC72300BFDD4E /* scanline.c */,
				03F5F89F1D0DC72300BFDD4E /* tmapflat.c */,
				0312321E1BD4A5ED00BEBA87 /* Products */,
			);
			sourceTree = "<group>";
		};
		0312321E1BD4A5ED00BEBA87 /* Products */ = {
			isa = PBXGroup;
			children = (
				0312321D1BD4A5ED00BEBA87 /* libtexmap.a */,
			);
			name = Products;
			sourceTree = "<group>";
		};
		03F5F89C1D0DC72300BFDD4E /* ogles */ = {
			isa = PBXGroup;
			children = (
				03F5F89D1D0DC72300BFDD4E /* oglestex.c */,
			);
			name = ogles;
			path = ../texmap/ogles;
			sourceTree = "<group>";
		};
/* End PBXGroup section */

/* Begin PBXNativeTarget section */
		0312321C1BD4A5ED00BEBA87 /* texmap */ = {
			isa = PBXNativeTarget;
			buildConfigurationList = 031232261BD4A5ED00BEBA87 /* Build configuration list for PBXNativeTarget "texmap" */;
			buildPhases = (
				031232191BD4A5ED00BEBA87 /* Sources */,
				0312321A1BD4A5ED00BEBA87 /* Frameworks */,
				0312321B1BD4A5ED00BEBA87 /* CopyFiles */,
			);
			buildRules = (
			);
			dependencies = (
			);
			name = texmap;
			productName = TEXMAP;
			productReference = 0312321D1BD4A5ED00BEBA87 /* libtexmap.a */;
			productType = "com.apple.product-type.library.static";
		};
/* End PBXNativeTarget section */

/* Begin PBXProject section */
		031232151BD4A5ED00BEBA87 /* Project object */ = {
			isa = PBXProject;
			attributes = {
				LastUpgradeCheck = 0700;
				ORGANIZATIONNAME = "Devin Tuchsen";
				TargetAttributes = {
					0312321C1BD4A5ED00BEBA87 = {
						CreatedOnToolsVersion = 7.0.1;
						DevelopmentTeam = 6WGTX4TY92;
					};
				};
			};
			buildConfigurationList = 031232181BD4A5ED00BEBA87 /* Build configuration list for PBXProject "texmap" */;
			compatibilityVersion = "Xcode 3.2";
			developmentRegion = English;
			hasScannedForEncodings = 0;
			knownRegions = (
				en,
			);
			mainGroup = 031232141BD4A5ED00BEBA87;
			productRefGroup = 0312321E1BD4A5ED00BEBA87 /* Products */;
			projectDirPath = "";
			projectRoot = "";
			targets = (
				0312321C1BD4A5ED00BEBA87 /* texmap */,
			);
		};
/* End PBXProject section */

/* Begin PBXSourcesBuildPhase section */
		031232191BD4A5ED00BEBA87 /* Sources */ = {
			isa = PBXSourcesBuildPhase;
			buildActionMask = 2147483647;
			files = (
				03F5F8A31D0DC72300BFDD4E /* tmapflat.c in Sources */,
				03F5F8A11D0DC72300BFDD4E /* oglestex.c in Sources */,
				03F5F8A01D0DC72300BFDD4E /* ntmap.c in Sources */,
				03F5F8A21D0DC72300BFDD4E /* scanline.c in Sources */,
			);
			runOnlyForDeploymentPostprocessing = 0;
		};
/* End PBXSourcesBuildPhase section */

/* Begin XCBuildConfiguration section */
		031232241BD4A5ED00BEBA87 /* Debug (OpenGL ES) */ = {
			isa = XCBuildConfiguration;
			buildSettings = {
				ALWAYS_SEARCH_USER_PATHS = NO;
				CLANG_CXX_LANGUAGE_STANDARD = "gnu++0x";
				CLANG_CXX_LIBRARY = "libc++";
				CLANG_ENABLE_MODULES = YES;
				CLANG_ENABLE_OBJC_ARC = YES;
				CLANG_WARN_BOOL_CONVERSION = YES;
				CLANG_WARN_CONSTANT_CONVERSION = YES;
				CLANG_WARN_DIRECT_OBJC_ISA_USAGE = YES_ERROR;
				CLANG_WARN_EMPTY_BODY = YES;
				CLANG_WARN_ENUM_CONVERSION = YES;
				CLANG_WARN_INT_CONVERSION = YES;
				CLANG_WARN_OBJC_ROOT_CLASS = YES_ERROR;
				CLANG_WARN_UNREACHABLE_CODE = YES;
				CLANG_WARN__DUPLICATE_METHOD_MATCH = YES;
				COPY_PHASE_STRIP = NO;
				DEBUG_INFORMATION_FORMAT = dwarf;
				ENABLE_STRICT_OBJC_MSGSEND = YES;
				ENABLE_TESTABILITY = YES;
				GCC_C_LANGUAGE_STANDARD = gnu99;
				GCC_DYNAMIC_NO_PIC = NO;
				GCC_NO_COMMON_BLOCKS = YES;
				GCC_OPTIMIZATION_LEVEL = 0;
				GCC_PREPROCESSOR_DEFINITIONS = (
					"DEBUG=1",
					"$(inherited)",
				);
				GCC_WARN_64_TO_32_BIT_CONVERSION = YES;
				GCC_WARN_ABOUT_RETURN_TYPE = YES_ERROR;
				GCC_WARN_UNDECLARED_SELECTOR = YES;
				GCC_WARN_UNINITIALIZED_AUTOS = YES_AGGRESSIVE;
				GCC_WARN_UNUSED_FUNCTION = YES;
				GCC_WARN_UNUSED_VARIABLE = YES;
				HEADER_SEARCH_PATHS = ../lib;
				IPHONEOS_DEPLOYMENT_TARGET = 9.0;
				MTL_ENABLE_DEBUG_INFO = YES;
				ONLY_ACTIVE_ARCH = YES;
				SDKROOT = iphoneos;
			};
			name = "Debug (OpenGL ES)";
		};
		031232251BD4A5ED00BEBA87 /* Release (OpenGL ES) */ = {
			isa = XCBuildConfiguration;
			buildSettings = {
				ALWAYS_SEARCH_USER_PATHS = NO;
				CLANG_CXX_LANGUAGE_STANDARD = "gnu++0x";
				CLANG_CXX_LIBRARY = "libc++";
				CLANG_ENABLE_MODULES = YES;
				CLANG_ENABLE_OBJC_ARC = YES;
				CLANG_WARN_BOOL_CONVERSION = YES;
				CLANG_WARN_CONSTANT_CONVERSION = YES;
				CLANG_WARN_DIRECT_OBJC_ISA_USAGE = YES_ERROR;
				CLANG_WARN_EMPTY_BODY = YES;
				CLANG_WARN_ENUM_CONVERSION = YES;
				CLANG_WARN_INT_CONVERSION = YES;
				CLANG_WARN_OBJC_ROOT_CLASS = YES_ERROR;
				CLANG_WARN_UNREACHABLE_CODE = YES;
				CLANG_WARN__DUPLICATE_METHOD_MATCH = YES;
				COPY_PHASE_STRIP = NO;
				DEBUG_INFORMATION_FORMAT = "dwarf-with-dsym";
				ENABLE_NS_ASSERTIONS = NO;
				ENABLE_STRICT_OBJC_MSGSEND = YES;
				GCC_C_LANGUAGE_STANDARD = gnu99;
				GCC_NO_COMMON_BLOCKS = YES;
				GCC_WARN_64_TO_32_BIT_CONVERSION = YES;
				GCC_WARN_ABOUT_RETURN_TYPE = YES_ERROR;
				GCC_WARN_UNDECLARED_SELECTOR = YES;
				GCC_WARN_UNINITIALIZED_AUTOS = YES_AGGRESSIVE;
				GCC_WARN_UNUSED_FUNCTION = YES;
				GCC_WARN_UNUSED_VARIABLE = YES;
				HEADER_SEARCH_PATHS = ../lib;
				IPHONEOS_DEPLOYMENT_TARGET = 9.0;
				MTL_ENABLE_DEBUG_INFO = NO;
				SDKROOT = iphoneos;
				VALIDATE_PRODUCT = YES;
			};
			name = "Release (OpenGL ES)";
		};
		031232271BD4A5ED00BEBA87 /* Debug (OpenGL ES) */ = {
			isa = XCBuildConfiguration;
			buildSettings = {
				GCC_INPUT_FILETYPE = automatic;
				GCC_PREPROCESSOR_DEFINITIONS = (
					OGLES,
					"$(inherited)",
					NASM,
				);
				INFOPLIST_PREPROCESSOR_DEFINITIONS = "";
				OTHER_LDFLAGS = "-ObjC";
				PRODUCT_NAME = "$(TARGET_NAME)";
				SKIP_INSTALL = YES;
			};
			name = "Debug (OpenGL ES)";
		};
		031232281BD4A5ED00BEBA87 /* Release (OpenGL ES) */ = {
			isa = XCBuildConfiguration;
			buildSettings = {
				GCC_INPUT_FILETYPE = automatic;
				GCC_PREPROCESSOR_DEFINITIONS = (
					NASM,
					RELEASE,
					NDEBUG,
					OGLES,
				);
				INFOPLIST_PREPROCESSOR_DEFINITIONS = "";
				OTHER_LDFLAGS = "-ObjC";
				PRODUCT_NAME = "$(TARGET_NAME)";
				SKIP_INSTALL = YES;
			};
			name = "Release (OpenGL ES)";
		};
		03BF18D61C27A75E003BE14A /* Debug (Software) */ = {
			isa = XCBuildConfiguration;
			buildSettings = {
				ALWAYS_SEARCH_USER_PATHS = NO;
				CLANG_CXX_LANGUAGE_STANDARD = "gnu++0x";
				CLANG_CXX_LIBRARY = "libc++";
				CLANG_ENABLE_MODULES = YES;
				CLANG_ENABLE_OBJC_ARC = YES;
				CLANG_WARN_BOOL_CONVERSION = YES;
				CLANG_WARN_CONSTANT_CONVERSION = YES;
				CLANG_WARN_DIRECT_OBJC_ISA_USAGE = YES_ERROR;
				CLANG_WARN_EMPTY_BODY = YES;
				CLANG_WARN_ENUM_CONVERSION = YES;
				CLANG_WARN_INT_CONVERSION = YES;
				CLANG_WARN_OBJC_ROOT_CLASS = YES_ERROR;
				CLANG_WARN_UNREACHABLE_CODE = YES;
				CLANG_WARN__DUPLICATE_METHOD_MATCH = YES;
				COPY_PHASE_STRIP = NO;
				DEBUG_INFORMATION_FORMAT = dwarf;
				ENABLE_STRICT_OBJC_MSGSEND = YES;
				ENABLE_TESTABILITY = YES;
				GCC_C_LANGUAGE_STANDARD = gnu99;
				GCC_DYNAMIC_NO_PIC = NO;
				GCC_NO_COMMON_BLOCKS = YES;
				GCC_OPTIMIZATION_LEVEL = 0;
				GCC_PREPROCESSOR_DEFINITIONS = (
					"DEBUG=1",
					"$(inherited)",
				);
				GCC_WARN_64_TO_32_BIT_CONVERSION = YES;
				GCC_WARN_ABOUT_RETURN_TYPE = YES_ERROR;
				GCC_WARN_UNDECLARED_SELECTOR = YES;
				GCC_WARN_UNINITIALIZED_AUTOS = YES_AGGRESSIVE;
				GCC_WARN_UNUSED_FUNCTION = YES;
				GCC_WARN_UNUSED_VARIABLE = YES;
				HEADER_SEARCH_PATHS = ../lib;
				IPHONEOS_DEPLOYMENT_TARGET = 9.0;
				MTL_ENABLE_DEBUG_INFO = YES;
				ONLY_ACTIVE_ARCH = YES;
				SDKROOT = iphoneos;
			};
			name = "Debug (Software)";
		};
		03BF18D71C27A75E003BE14A /* Debug (Software) */ = {
			isa = XCBuildConfiguration;
			buildSettings = {
				GCC_INPUT_FILETYPE = automatic;
				GCC_PREPROCESSOR_DEFINITIONS = (
					"$(inherited)",
					NASM,
				);
				INFOPLIST_PREPROCESSOR_DEFINITIONS = "";
				OTHER_LDFLAGS = "-ObjC";
				PRODUCT_NAME = "$(TARGET_NAME)";
				SKIP_INSTALL = YES;
			};
			name = "Debug (Software)";
		};
		03BF18D81C27A772003BE14A /* Release (Software) */ = {
			isa = XCBuildConfiguration;
			buildSettings = {
				ALWAYS_SEARCH_USER_PATHS = NO;
				CLANG_CXX_LANGUAGE_STANDARD = "gnu++0x";
				CLANG_CXX_LIBRARY = "libc++";
				CLANG_ENABLE_MODULES = YES;
				CLANG_ENABLE_OBJC_ARC = YES;
				CLANG_WARN_BOOL_CONVERSION = YES;
				CLANG_WARN_CONSTANT_CONVERSION = YES;
				CLANG_WARN_DIRECT_OBJC_ISA_USAGE = YES_ERROR;
				CLANG_WARN_EMPTY_BODY = YES;
				CLANG_WARN_ENUM_CONVERSION = YES;
				CLANG_WARN_INT_CONVERSION = YES;
				CLANG_WARN_OBJC_ROOT_CLASS = YES_ERROR;
				CLANG_WARN_UNREACHABLE_CODE = YES;
				CLANG_WARN__DUPLICATE_METHOD_MATCH = YES;
				COPY_PHASE_STRIP = NO;
				DEBUG_INFORMATION_FORMAT = "dwarf-with-dsym";
				ENABLE_NS_ASSERTIONS = NO;
				ENABLE_STRICT_OBJC_MSGSEND = YES;
				GCC_C_LANGUAGE_STANDARD = gnu99;
				GCC_NO_COMMON_BLOCKS = YES;
				GCC_WARN_64_TO_32_BIT_CONVERSION = YES;
				GCC_WARN_ABOUT_RETURN_TYPE = YES_ERROR;
				GCC_WARN_UNDECLARED_SELECTOR = YES;
				GCC_WARN_UNINITIALIZED_AUTOS = YES_AGGRESSIVE;
				GCC_WARN_UNUSED_FUNCTION = YES;
				GCC_WARN_UNUSED_VARIABLE = YES;
				HEADER_SEARCH_PATHS = ../lib;
				IPHONEOS_DEPLOYMENT_TARGET = 9.0;
				MTL_ENABLE_DEBUG_INFO = NO;
				SDKROOT = iphoneos;
				VALIDATE_PRODUCT = YES;
			};
			name = "Release (Software)";
		};
		03BF18D91C27A772003BE14A /* Release (Software) */ = {
			isa = XCBuildConfiguration;
			buildSettings = {
				GCC_INPUT_FILETYPE = automatic;
				GCC_PREPROCESSOR_DEFINITIONS = (
					NASM,
					RELEASE,
					NDEBUG,
				);
				INFOPLIST_PREPROCESSOR_DEFINITIONS = "";
				OTHER_LDFLAGS = "-ObjC";
				PRODUCT_NAME = "$(TARGET_NAME)";
				SKIP_INSTALL = YES;
			};
			name = "Release (Software)";
		};
/* End XCBuildConfiguration section */

/* Begin XCConfigurationList section */
		031232181BD4A5ED00BEBA87 /* Build configuration list for PBXProject "texmap" */ = {
			isa = XCConfigurationList;
			buildConfigurations = (
				031232241BD4A5ED00BEBA87 /* Debug (OpenGL ES) */,
				03BF18D61C27A75E003BE14A /* Debug (Software) */,
				031232251BD4A5ED00BEBA87 /* Release (OpenGL ES) */,
				03BF18D81C27A772003BE14A /* Release (Software) */,
			);
			defaultConfigurationIsVisible = 0;
			defaultConfigurationName = "Release (OpenGL ES)";
		};
		031232261BD4A5ED00BEBA87 /* Build configuration list for PBXNativeTarget "texmap" */ = {
			isa = XCConfigurationList;
			buildConfigurations = (
				031232271BD4A5ED00BEBA87 /* Debug (OpenGL ES) */,
				03BF18D71C27A75E003BE14A /* Debug (Software) */,
				031232281BD4A5ED00BEBA87 /* Release (OpenGL ES) */,
				03BF18D91C27A772003BE14A /* Release (Software) */,
			);
			defaultConfigurationIsVisible = 0;
			defaultConfigurationName = "Release (OpenGL ES)";
		};
/* End XCConfigurationList section */
	};
	rootObject = 031232151BD4A5ED00BEBA87 /* Project object */;
}
